# This file is autogenerated, do not edit; changes may be undone by the next 'dep ensure'.


[[projects]]
  digest = "1:33e8a0fc9f993b2bc912152420644127e35b74587a6d694362772dd3821ca4cf"
  name = "github.com/Sirupsen/logrus"
  packages = ["."]
  pruneopts = "UT"
  revision = "3d4380f53a34dcdc95f0c1db702615992b38d9a4"

[[projects]]
  digest = "1:c3de2c3f1d92395cccfc9c484168450ed52dd7897e482e362e5f6b45b269eda6"
  name = "github.com/docker/distribution"
  packages = [
    "context",
    "registry/api/errcode",
    "registry/auth",
    "registry/auth/token",
    "uuid",
  ]
  pruneopts = "UT"
  revision = "2461543d988979529609e8cb6fca9ca190dc48da"
  version = "v2.7.1"

[[projects]]
  digest = "1:0e229970bd76d6cdef6558f51ae493931485fb086d513bc4e3b80003bcf81f39"
  name = "github.com/docker/libtrust"
  packages = ["."]
  pruneopts = "UT"
  revision = "fa567046d9b14f6aa788882a950d69651d230b21"

[[projects]]
  digest = "1:f78f704db2735dd21b8050b305ceb4c98b2d50518730a83fdbead6702a57710e"
  name = "github.com/gophercloud/gophercloud"
  packages = [
    ".",
    "openstack",
    "openstack/identity/v2/tenants",
    "openstack/identity/v2/tokens",
    "openstack/identity/v3/tokens",
    "openstack/utils",
    "pagination",
  ]
  pruneopts = "UT"
  revision = "aa00757ee3ab58e53520b6cb910ca0543116400a"

[[projects]]
  digest = "1:c79fb010be38a59d657c48c6ba1d003a8aa651fa56b579d959d74573b7dff8e1"
  name = "github.com/gorilla/context"
  packages = ["."]
  pruneopts = "UT"
  revision = "08b5f424b9271eedf6f9f0ce86cb9396ed337a42"
  version = "v1.1.1"

[[projects]]
  digest = "1:33e16c57473b7c44d261a6846b82c9389392f16fd41bf3d78c6cb5a96d695d1a"
  name = "github.com/gorilla/mux"
  packages = ["."]
  pruneopts = "UT"
  revision = "599cba5e7b6137d46ddf58fb1765f5d928e69604"

[[projects]]
  branch = "master"
  digest = "1:76ee51c3f468493aff39dbacc401e8831fbb765104cbf613b89bef01cf4bad70"
  name = "golang.org/x/net"
  packages = ["context"]
  pruneopts = "UT"
  revision = "03003ca0c849e57b6ea29a4bab8d3cb6e4d568fe"

[solve-meta]
  analyzer-name = "dep"
  analyzer-version = 1
  input-imports = [
    "github.com/Sirupsen/logrus",
    "github.com/docker/distribution/context",
    "github.com/docker/distribution/registry/api/errcode",
    "github.com/docker/distribution/registry/auth",
    "github.com/docker/distribution/registry/auth/token",
    "github.com/docker/libtrust",
    "github.com/gophercloud/gophercloud",
    "github.com/gophercloud/gophercloud/openstack",
    "github.com/gorilla/mux",
  ]
  solver-name = "gps-cdcl"
  solver-version = 1
